{
  "version": 4,
  "terraform_version": "1.9.7",
  "serial": 7,
  "lineage": "3fc18103-428b-b0b0-6710-9d58081efb0e",
  "outputs": {
    "app_url": {
      "value": "startup-nextjs--8i635me.thankfulplant-a9564f28.westeurope.azurecontainerapps.io",
      "type": "string"
    }
  },
  "resources": [
    {
      "mode": "managed",
      "type": "azurerm_container_app",
      "name": "app",
      "provider": "provider[\"registry.terraform.io/hashicorp/azurerm\"]",
      "instances": [
        {
          "schema_version": 0,
          "attributes": {
            "container_app_environment_id": "/subscriptions/f7ba1824-de30-47fc-b450-91f3ae2e0b4a/resourceGroups/devOps/providers/Microsoft.App/managedEnvironments/devOps",
            "custom_domain_verification_id": "8ED18BE7B3DCAB1AB842BAECA22BC4D6F7F3DD9094AA6F982A35B582BA93AD77",
            "dapr": [],
            "id": "/subscriptions/f7ba1824-de30-47fc-b450-91f3ae2e0b4a/resourceGroups/devOps/providers/Microsoft.App/containerApps/startup-nextjs",
            "identity": [],
            "ingress": [
              {
                "allow_insecure_connections": false,
                "custom_domain": [],
                "exposed_port": 0,
                "external_enabled": true,
                "fqdn": "startup-nextjs.thankfulplant-a9564f28.westeurope.azurecontainerapps.io",
                "ip_security_restriction": [],
                "target_port": 3000,
                "traffic_weight": [
                  {
                    "label": "",
                    "latest_revision": true,
                    "percentage": 100,
                    "revision_suffix": ""
                  }
                ],
                "transport": "auto"
              }
            ],
            "latest_revision_fqdn": "startup-nextjs--8i635me.thankfulplant-a9564f28.westeurope.azurecontainerapps.io",
            "latest_revision_name": "startup-nextjs--8i635me",
            "location": "westeurope",
            "name": "startup-nextjs",
            "outbound_ip_addresses": [
              "57.153.47.225"
            ],
            "registry": [],
            "resource_group_name": "devOps",
            "revision_mode": "Single",
            "secret": [],
            "tags": {},
            "template": [
              {
                "azure_queue_scale_rule": [],
                "container": [
                  {
                    "args": [],
                    "command": [],
                    "cpu": 0.25,
                    "env": [],
                    "ephemeral_storage": "1Gi",
                    "image": "alseiler307/nextjs-app:latest",
                    "liveness_probe": [],
                    "memory": "0.5Gi",
                    "name": "startup-nextjs",
                    "readiness_probe": [],
                    "startup_probe": [],
                    "volume_mounts": []
                  }
                ],
                "custom_scale_rule": [],
                "http_scale_rule": [],
                "init_container": [],
                "max_replicas": 10,
                "min_replicas": 0,
                "revision_suffix": "",
                "tcp_scale_rule": [],
                "volume": []
              }
            ],
            "timeouts": null,
            "workload_profile_name": ""
          },
          "sensitive_attributes": [
            [
              {
                "type": "get_attr",
                "value": "custom_domain_verification_id"
              }
            ]
          ],
          "private": "eyJlMmJmYjczMC1lY2FhLTExZTYtOGY4OC0zNDM2M2JjN2M0YzAiOnsiY3JlYXRlIjoxODAwMDAwMDAwMDAwLCJkZWxldGUiOjE4MDAwMDAwMDAwMDAsInJlYWQiOjMwMDAwMDAwMDAwMCwidXBkYXRlIjoxODAwMDAwMDAwMDAwfX0=",
          "dependencies": [
            "azurerm_container_app_environment.env",
            "azurerm_resource_group.rg"
          ]
        }
      ]
    },
    {
      "mode": "managed",
      "type": "azurerm_container_app_environment",
      "name": "env",
      "provider": "provider[\"registry.terraform.io/hashicorp/azurerm\"]",
      "instances": [
        {
          "schema_version": 0,
          "attributes": {
            "custom_domain_verification_id": "8ED18BE7B3DCAB1AB842BAECA22BC4D6F7F3DD9094AA6F982A35B582BA93AD77",
            "dapr_application_insights_connection_string": "",
            "default_domain": "thankfulplant-a9564f28.westeurope.azurecontainerapps.io",
            "docker_bridge_cidr": "",
            "id": "/subscriptions/f7ba1824-de30-47fc-b450-91f3ae2e0b4a/resourceGroups/devOps/providers/Microsoft.App/managedEnvironments/devOps",
            "infrastructure_resource_group_name": "",
            "infrastructure_subnet_id": "",
            "internal_load_balancer_enabled": false,
            "location": "westeurope",
            "log_analytics_workspace_id": "",
            "mutual_tls_enabled": false,
            "name": "devOps",
            "platform_reserved_cidr": "",
            "platform_reserved_dns_ip_address": "",
            "resource_group_name": "devOps",
            "static_ip_address": "108.142.97.187",
            "tags": {},
            "timeouts": null,
            "workload_profile": [],
            "zone_redundancy_enabled": false
          },
          "sensitive_attributes": [
            [
              {
                "type": "get_attr",
                "value": "dapr_application_insights_connection_string"
              }
            ]
          ],
          "private": "eyJlMmJmYjczMC1lY2FhLTExZTYtOGY4OC0zNDM2M2JjN2M0YzAiOnsiY3JlYXRlIjoxODAwMDAwMDAwMDAwLCJkZWxldGUiOjE4MDAwMDAwMDAwMDAsInJlYWQiOjMwMDAwMDAwMDAwMCwidXBkYXRlIjoxODAwMDAwMDAwMDAwfX0=",
          "dependencies": [
            "azurerm_resource_group.rg"
          ]
        }
      ]
    },
    {
      "mode": "managed",
      "type": "azurerm_resource_group",
      "name": "rg",
      "provider": "provider[\"registry.terraform.io/hashicorp/azurerm\"]",
      "instances": [
        {
          "schema_version": 0,
          "attributes": {
            "id": "/subscriptions/f7ba1824-de30-47fc-b450-91f3ae2e0b4a/resourceGroups/devOps",
            "location": "westeurope",
            "managed_by": "",
            "name": "devOps",
            "tags": {},
            "timeouts": null
          },
          "sensitive_attributes": [],
          "private": "eyJlMmJmYjczMC1lY2FhLTExZTYtOGY4OC0zNDM2M2JjN2M0YzAiOnsiY3JlYXRlIjo1NDAwMDAwMDAwMDAwLCJkZWxldGUiOjU0MDAwMDAwMDAwMDAsInJlYWQiOjMwMDAwMDAwMDAwMCwidXBkYXRlIjo1NDAwMDAwMDAwMDAwfX0="
        }
      ]
    }
  ],
  "check_results": null
}
